// !$*UTF8*$!
{
	archiveVersion = 1;
	classes = {
	};
	objectVersion = 50;
	objects = {

/* Begin PBXBuildFile section */
		3EEA13176A51A6A3587DBAA8 /* Pods_Tap_TimerUITests.framework in Frameworks */ = {isa = PBXBuildFile; fileRef = 8E34B83AEF76A8A4BF6C977E /* Pods_Tap_TimerUITests.framework */; };
		69B00AC2AF490657BD2EB17B /* Pods_Tap_Timer.framework in Frameworks */ = {isa = PBXBuildFile; fileRef = 6F180D80A7C41F883964FC51 /* Pods_Tap_Timer.framework */; };
		7A115EB22123A1570005D2E5 /* Session.swift in Sources */ = {isa = PBXBuildFile; fileRef = 7A115EB12123A1570005D2E5 /* Session.swift */; };
		7A115EBA2123EE5C0005D2E5 /* SolveViewController.swift in Sources */ = {isa = PBXBuildFile; fileRef = 7A115EB92123EE5C0005D2E5 /* SolveViewController.swift */; };
		7A115EBC212404F10005D2E5 /* SolveCell.swift in Sources */ = {isa = PBXBuildFile; fileRef = 7A115EBB212404F10005D2E5 /* SolveCell.swift */; };
		7A430E9B2123791100A87A12 /* Solve.swift in Sources */ = {isa = PBXBuildFile; fileRef = 7A430E9A2123791100A87A12 /* Solve.swift */; };
		7A430E9D2123816600A87A12 /* MenuViewController.swift in Sources */ = {isa = PBXBuildFile; fileRef = 7A430E9C2123816600A87A12 /* MenuViewController.swift */; };
		7A501FA22122A3460019E36B /* AppDelegate.swift in Sources */ = {isa = PBXBuildFile; fileRef = 7A501FA12122A3460019E36B /* AppDelegate.swift */; };
		7A501FA42122A3460019E36B /* TimerViewController.swift in Sources */ = {isa = PBXBuildFile; fileRef = 7A501FA32122A3460019E36B /* TimerViewController.swift */; };
		7A501FA72122A3460019E36B /* Main.storyboard in Resources */ = {isa = PBXBuildFile; fileRef = 7A501FA52122A3460019E36B /* Main.storyboard */; };
		7A501FA92122A3480019E36B /* Assets.xcassets in Resources */ = {isa = PBXBuildFile; fileRef = 7A501FA82122A3480019E36B /* Assets.xcassets */; };
		7A501FAC2122A3480019E36B /* LaunchScreen.storyboard in Resources */ = {isa = PBXBuildFile; fileRef = 7A501FAA2122A3480019E36B /* LaunchScreen.storyboard */; };
		7A501FB72122A3480019E36B /* Tap_TimerTests.swift in Sources */ = {isa = PBXBuildFile; fileRef = 7A501FB62122A3480019E36B /* Tap_TimerTests.swift */; };
		7A501FC22122A3480019E36B /* Tap_TimerUITests.swift in Sources */ = {isa = PBXBuildFile; fileRef = 7A501FC12122A3480019E36B /* Tap_TimerUITests.swift */; };
		7A8228932126848D0021E8D7 /* StatisticsTableViewController.swift in Sources */ = {isa = PBXBuildFile; fileRef = 7A8228922126848D0021E8D7 /* StatisticsTableViewController.swift */; };
		7A8228952126849D0021E8D7 /* SessionsTableViewController.swift in Sources */ = {isa = PBXBuildFile; fileRef = 7A8228942126849D0021E8D7 /* SessionsTableViewController.swift */; };
		7A822897212684C50021E8D7 /* AboutViewController.swift in Sources */ = {isa = PBXBuildFile; fileRef = 7A822896212684C50021E8D7 /* AboutViewController.swift */; };
		7A82289B212685590021E8D7 /* ThanksViewController.swift in Sources */ = {isa = PBXBuildFile; fileRef = 7A82289A212685590021E8D7 /* ThanksViewController.swift */; };
		7A82289D212691980021E8D7 /* SolveTableViewController.swift in Sources */ = {isa = PBXBuildFile; fileRef = 7A82289C212691980021E8D7 /* SolveTableViewController.swift */; };
		7A8228C52126A30F0021E8D7 /* GoogleService-Info.plist in Resources */ = {isa = PBXBuildFile; fileRef = 7A8228C42126A30F0021E8D7 /* GoogleService-Info.plist */; };
		AAD912B86F024D96C4E64FE9 /* Pods_Tap_TimerTests.framework in Frameworks */ = {isa = PBXBuildFile; fileRef = 7F477C5262B4C57228B5CA94 /* Pods_Tap_TimerTests.framework */; };
/* End PBXBuildFile section */

/* Begin PBXContainerItemProxy section */
		7A501FB32122A3480019E36B /* PBXContainerItemProxy */ = {
			isa = PBXContainerItemProxy;
			containerPortal = 7A501F962122A3460019E36B /* Project object */;
			proxyType = 1;
			remoteGlobalIDString = 7A501F9D2122A3460019E36B;
			remoteInfo = "Tap Timer";
		};
		7A501FBE2122A3480019E36B /* PBXContainerItemProxy */ = {
			isa = PBXContainerItemProxy;
			containerPortal = 7A501F962122A3460019E36B /* Project object */;
			proxyType = 1;
			remoteGlobalIDString = 7A501F9D2122A3460019E36B;
			remoteInfo = "Tap Timer";
		};
/* End PBXContainerItemProxy section */

/* Begin PBXFileReference section */
		48840795D4D8348E8A96C173 /* Pods-Tap TimerUITests.debug.xcconfig */ = {isa = PBXFileReference; includeInIndex = 1; lastKnownFileType = text.xcconfig; name = "Pods-Tap TimerUITests.debug.xcconfig"; path = "Pods/Target Support Files/Pods-Tap TimerUITests/Pods-Tap TimerUITests.debug.xcconfig"; sourceTree = "<group>"; };
		5689347F6F0B49AACE25DDE7 /* Pods-Tap Timer.debug.xcconfig */ = {isa = PBXFileReference; includeInIndex = 1; lastKnownFileType = text.xcconfig; name = "Pods-Tap Timer.debug.xcconfig"; path = "Pods/Target Support Files/Pods-Tap Timer/Pods-Tap Timer.debug.xcconfig"; sourceTree = "<group>"; };
		6F180D80A7C41F883964FC51 /* Pods_Tap_Timer.framework */ = {isa = PBXFileReference; explicitFileType = wrapper.framework; includeInIndex = 0; path = Pods_Tap_Timer.framework; sourceTree = BUILT_PRODUCTS_DIR; };
		7A115EB12123A1570005D2E5 /* Session.swift */ = {isa = PBXFileReference; lastKnownFileType = sourcecode.swift; path = Session.swift; sourceTree = "<group>"; };
		7A115EB92123EE5C0005D2E5 /* SolveViewController.swift */ = {isa = PBXFileReference; lastKnownFileType = sourcecode.swift; path = SolveViewController.swift; sourceTree = "<group>"; };
		7A115EBB212404F10005D2E5 /* SolveCell.swift */ = {isa = PBXFileReference; lastKnownFileType = sourcecode.swift; path = SolveCell.swift; sourceTree = "<group>"; };
		7A430E9A2123791100A87A12 /* Solve.swift */ = {isa = PBXFileReference; lastKnownFileType = sourcecode.swift; path = Solve.swift; sourceTree = "<group>"; };
		7A430E9C2123816600A87A12 /* MenuViewController.swift */ = {isa = PBXFileReference; lastKnownFileType = sourcecode.swift; path = MenuViewController.swift; sourceTree = "<group>"; };
		7A501F9E2122A3460019E36B /* Tap Timer.app */ = {isa = PBXFileReference; explicitFileType = wrapper.application; includeInIndex = 0; path = "Tap Timer.app"; sourceTree = BUILT_PRODUCTS_DIR; };
		7A501FA12122A3460019E36B /* AppDelegate.swift */ = {isa = PBXFileReference; lastKnownFileType = sourcecode.swift; path = AppDelegate.swift; sourceTree = "<group>"; };
		7A501FA32122A3460019E36B /* TimerViewController.swift */ = {isa = PBXFileReference; lastKnownFileType = sourcecode.swift; path = TimerViewController.swift; sourceTree = "<group>"; };
		7A501FA62122A3460019E36B /* Base */ = {isa = PBXFileReference; lastKnownFileType = file.storyboard; name = Base; path = Base.lproj/Main.storyboard; sourceTree = "<group>"; };
		7A501FA82122A3480019E36B /* Assets.xcassets */ = {isa = PBXFileReference; lastKnownFileType = folder.assetcatalog; path = Assets.xcassets; sourceTree = "<group>"; };
		7A501FAB2122A3480019E36B /* Base */ = {isa = PBXFileReference; lastKnownFileType = file.storyboard; name = Base; path = Base.lproj/LaunchScreen.storyboard; sourceTree = "<group>"; };
		7A501FAD2122A3480019E36B /* Info.plist */ = {isa = PBXFileReference; lastKnownFileType = text.plist.xml; path = Info.plist; sourceTree = "<group>"; };
		7A501FB22122A3480019E36B /* Tap TimerTests.xctest */ = {isa = PBXFileReference; explicitFileType = wrapper.cfbundle; includeInIndex = 0; path = "Tap TimerTests.xctest"; sourceTree = BUILT_PRODUCTS_DIR; };
		7A501FB62122A3480019E36B /* Tap_TimerTests.swift */ = {isa = PBXFileReference; lastKnownFileType = sourcecode.swift; path = Tap_TimerTests.swift; sourceTree = "<group>"; };
		7A501FB82122A3480019E36B /* Info.plist */ = {isa = PBXFileReference; lastKnownFileType = text.plist.xml; path = Info.plist; sourceTree = "<group>"; };
		7A501FBD2122A3480019E36B /* Tap TimerUITests.xctest */ = {isa = PBXFileReference; explicitFileType = wrapper.cfbundle; includeInIndex = 0; path = "Tap TimerUITests.xctest"; sourceTree = BUILT_PRODUCTS_DIR; };
		7A501FC12122A3480019E36B /* Tap_TimerUITests.swift */ = {isa = PBXFileReference; lastKnownFileType = sourcecode.swift; path = Tap_TimerUITests.swift; sourceTree = "<group>"; };
		7A501FC32122A3480019E36B /* Info.plist */ = {isa = PBXFileReference; lastKnownFileType = text.plist.xml; path = Info.plist; sourceTree = "<group>"; };
		7A8228922126848D0021E8D7 /* StatisticsTableViewController.swift */ = {isa = PBXFileReference; lastKnownFileType = sourcecode.swift; path = StatisticsTableViewController.swift; sourceTree = "<group>"; };
		7A8228942126849D0021E8D7 /* SessionsTableViewController.swift */ = {isa = PBXFileReference; lastKnownFileType = sourcecode.swift; path = SessionsTableViewController.swift; sourceTree = "<group>"; };
		7A822896212684C50021E8D7 /* AboutViewController.swift */ = {isa = PBXFileReference; lastKnownFileType = sourcecode.swift; path = AboutViewController.swift; sourceTree = "<group>"; };
		7A82289A212685590021E8D7 /* ThanksViewController.swift */ = {isa = PBXFileReference; lastKnownFileType = sourcecode.swift; path = ThanksViewController.swift; sourceTree = "<group>"; };
		7A82289C212691980021E8D7 /* SolveTableViewController.swift */ = {isa = PBXFileReference; fileEncoding = 4; lastKnownFileType = sourcecode.swift; path = SolveTableViewController.swift; sourceTree = "<group>"; };
		7A8228C42126A30F0021E8D7 /* GoogleService-Info.plist */ = {isa = PBXFileReference; fileEncoding = 4; lastKnownFileType = text.plist.xml; path = "GoogleService-Info.plist"; sourceTree = "<group>"; };
		7F477C5262B4C57228B5CA94 /* Pods_Tap_TimerTests.framework */ = {isa = PBXFileReference; explicitFileType = wrapper.framework; includeInIndex = 0; path = Pods_Tap_TimerTests.framework; sourceTree = BUILT_PRODUCTS_DIR; };
		8E34B83AEF76A8A4BF6C977E /* Pods_Tap_TimerUITests.framework */ = {isa = PBXFileReference; explicitFileType = wrapper.framework; includeInIndex = 0; path = Pods_Tap_TimerUITests.framework; sourceTree = BUILT_PRODUCTS_DIR; };
		94C1438D675185B58EC94C2B /* Pods-Tap TimerTests.release.xcconfig */ = {isa = PBXFileReference; includeInIndex = 1; lastKnownFileType = text.xcconfig; name = "Pods-Tap TimerTests.release.xcconfig"; path = "Pods/Target Support Files/Pods-Tap TimerTests/Pods-Tap TimerTests.release.xcconfig"; sourceTree = "<group>"; };
		A64CF68FD53F4AD054892566 /* Pods-Tap TimerTests.debug.xcconfig */ = {isa = PBXFileReference; includeInIndex = 1; lastKnownFileType = text.xcconfig; name = "Pods-Tap TimerTests.debug.xcconfig"; path = "Pods/Target Support Files/Pods-Tap TimerTests/Pods-Tap TimerTests.debug.xcconfig"; sourceTree = "<group>"; };
		B46C89CEB48BC66908EB861C /* Pods-Tap Timer.release.xcconfig */ = {isa = PBXFileReference; includeInIndex = 1; lastKnownFileType = text.xcconfig; name = "Pods-Tap Timer.release.xcconfig"; path = "Pods/Target Support Files/Pods-Tap Timer/Pods-Tap Timer.release.xcconfig"; sourceTree = "<group>"; };
		E6744277E6F82FD7AC7F91A5 /* Pods-Tap TimerUITests.release.xcconfig */ = {isa = PBXFileReference; includeInIndex = 1; lastKnownFileType = text.xcconfig; name = "Pods-Tap TimerUITests.release.xcconfig"; path = "Pods/Target Support Files/Pods-Tap TimerUITests/Pods-Tap TimerUITests.release.xcconfig"; sourceTree = "<group>"; };
/* End PBXFileReference section */

/* Begin PBXFrameworksBuildPhase section */
		7A501F9B2122A3460019E36B /* Frameworks */ = {
			isa = PBXFrameworksBuildPhase;
			buildActionMask = 2147483647;
			files = (
				69B00AC2AF490657BD2EB17B /* Pods_Tap_Timer.framework in Frameworks */,
			);
			runOnlyForDeploymentPostprocessing = 0;
		};
		7A501FAF2122A3480019E36B /* Frameworks */ = {
			isa = PBXFrameworksBuildPhase;
			buildActionMask = 2147483647;
			files = (
				AAD912B86F024D96C4E64FE9 /* Pods_Tap_TimerTests.framework in Frameworks */,
			);
			runOnlyForDeploymentPostprocessing = 0;
		};
		7A501FBA2122A3480019E36B /* Frameworks */ = {
			isa = PBXFrameworksBuildPhase;
			buildActionMask = 2147483647;
			files = (
				3EEA13176A51A6A3587DBAA8 /* Pods_Tap_TimerUITests.framework in Frameworks */,
			);
			runOnlyForDeploymentPostprocessing = 0;
		};
/* End PBXFrameworksBuildPhase section */

/* Begin PBXGroup section */
		11D193915AB2DDC5862950AA /* Pods */ = {
			isa = PBXGroup;
			children = (
				5689347F6F0B49AACE25DDE7 /* Pods-Tap Timer.debug.xcconfig */,
				B46C89CEB48BC66908EB861C /* Pods-Tap Timer.release.xcconfig */,
				A64CF68FD53F4AD054892566 /* Pods-Tap TimerTests.debug.xcconfig */,
				94C1438D675185B58EC94C2B /* Pods-Tap TimerTests.release.xcconfig */,
				48840795D4D8348E8A96C173 /* Pods-Tap TimerUITests.debug.xcconfig */,
				E6744277E6F82FD7AC7F91A5 /* Pods-Tap TimerUITests.release.xcconfig */,
			);
			name = Pods;
			sourceTree = "<group>";
		};
		7A115EAF2123A1010005D2E5 /* Views */ = {
			isa = PBXGroup;
			children = (
				7A822899212685400021E8D7 /* About */,
				7A822898212684E50021E8D7 /* Main */,
				7A822891212684060021E8D7 /* Statistics */,
				7A822890212683F80021E8D7 /* Sessions */,
				7A82288F212683A20021E8D7 /* Solves */,
			);
			path = Views;
			sourceTree = "<group>";
		};
		7A115EB02123A11D0005D2E5 /* Timer Classes */ = {
			isa = PBXGroup;
			children = (
				7A430E9A2123791100A87A12 /* Solve.swift */,
				7A115EB12123A1570005D2E5 /* Session.swift */,
			);
			path = "Timer Classes";
			sourceTree = "<group>";
		};
		7A501F952122A3460019E36B = {
			isa = PBXGroup;
			children = (
				7A501FA02122A3460019E36B /* Tap Timer */,
				7A501FB52122A3480019E36B /* Tap TimerTests */,
				7A501FC02122A3480019E36B /* Tap TimerUITests */,
				7A501F9F2122A3460019E36B /* Products */,
				11D193915AB2DDC5862950AA /* Pods */,
				F5ADB3608592D94684D3F082 /* Frameworks */,
			);
			sourceTree = "<group>";
		};
		7A501F9F2122A3460019E36B /* Products */ = {
			isa = PBXGroup;
			children = (
				7A501F9E2122A3460019E36B /* Tap Timer.app */,
				7A501FB22122A3480019E36B /* Tap TimerTests.xctest */,
				7A501FBD2122A3480019E36B /* Tap TimerUITests.xctest */,
			);
			name = Products;
			sourceTree = "<group>";
		};
		7A501FA02122A3460019E36B /* Tap Timer */ = {
			isa = PBXGroup;
			children = (
				7A501FA12122A3460019E36B /* AppDelegate.swift */,
				7A115EAF2123A1010005D2E5 /* Views */,
				7A115EB02123A11D0005D2E5 /* Timer Classes */,
				7A501FA52122A3460019E36B /* Main.storyboard */,
				7A501FA82122A3480019E36B /* Assets.xcassets */,
				7A501FAA2122A3480019E36B /* LaunchScreen.storyboard */,
				7A8228C42126A30F0021E8D7 /* GoogleService-Info.plist */,
				7A501FAD2122A3480019E36B /* Info.plist */,
			);
			path = "Tap Timer";
			sourceTree = "<group>";
		};
		7A501FB52122A3480019E36B /* Tap TimerTests */ = {
			isa = PBXGroup;
			children = (
				7A501FB62122A3480019E36B /* Tap_TimerTests.swift */,
				7A501FB82122A3480019E36B /* Info.plist */,
			);
			path = "Tap TimerTests";
			sourceTree = "<group>";
		};
		7A501FC02122A3480019E36B /* Tap TimerUITests */ = {
			isa = PBXGroup;
			children = (
				7A501FC12122A3480019E36B /* Tap_TimerUITests.swift */,
				7A501FC32122A3480019E36B /* Info.plist */,
			);
			path = "Tap TimerUITests";
			sourceTree = "<group>";
		};
		7A82288F212683A20021E8D7 /* Solves */ = {
			isa = PBXGroup;
			children = (
				7A115EB92123EE5C0005D2E5 /* SolveViewController.swift */,
				7A82289C212691980021E8D7 /* SolveTableViewController.swift */,
				7A115EBB212404F10005D2E5 /* SolveCell.swift */,
			);
			path = Solves;
			sourceTree = "<group>";
		};
		7A822890212683F80021E8D7 /* Sessions */ = {
			isa = PBXGroup;
			children = (
				7A8228942126849D0021E8D7 /* SessionsTableViewController.swift */,
			);
			path = Sessions;
			sourceTree = "<group>";
		};
		7A822891212684060021E8D7 /* Statistics */ = {
			isa = PBXGroup;
			children = (
				7A8228922126848D0021E8D7 /* StatisticsTableViewController.swift */,
			);
			path = Statistics;
			sourceTree = "<group>";
		};
		7A822898212684E50021E8D7 /* Main */ = {
			isa = PBXGroup;
			children = (
				7A501FA32122A3460019E36B /* TimerViewController.swift */,
				7A430E9C2123816600A87A12 /* MenuViewController.swift */,
			);
			path = Main;
			sourceTree = "<group>";
		};
		7A822899212685400021E8D7 /* About */ = {
			isa = PBXGroup;
			children = (
				7A822896212684C50021E8D7 /* AboutViewController.swift */,
				7A82289A212685590021E8D7 /* ThanksViewController.swift */,
			);
			path = About;
			sourceTree = "<group>";
		};
		F5ADB3608592D94684D3F082 /* Frameworks */ = {
			isa = PBXGroup;
			children = (
				6F180D80A7C41F883964FC51 /* Pods_Tap_Timer.framework */,
				7F477C5262B4C57228B5CA94 /* Pods_Tap_TimerTests.framework */,
				8E34B83AEF76A8A4BF6C977E /* Pods_Tap_TimerUITests.framework */,
			);
			name = Frameworks;
			sourceTree = "<group>";
		};
/* End PBXGroup section */

/* Begin PBXNativeTarget section */
		7A501F9D2122A3460019E36B /* Tap Timer */ = {
			isa = PBXNativeTarget;
			buildConfigurationList = 7A501FC62122A3480019E36B /* Build configuration list for PBXNativeTarget "Tap Timer" */;
			buildPhases = (
				A74BB5BFC41786288CE7AD3B /* [CP] Check Pods Manifest.lock */,
				7A501F9A2122A3460019E36B /* Sources */,
				7A501F9B2122A3460019E36B /* Frameworks */,
				7A501F9C2122A3460019E36B /* Resources */,
				EB5A05B42404DCBBE011A397 /* [CP] Embed Pods Frameworks */,
			);
			buildRules = (
			);
			dependencies = (
			);
			name = "Tap Timer";
			productName = "Tap Timer";
			productReference = 7A501F9E2122A3460019E36B /* Tap Timer.app */;
			productType = "com.apple.product-type.application";
		};
		7A501FB12122A3480019E36B /* Tap TimerTests */ = {
			isa = PBXNativeTarget;
			buildConfigurationList = 7A501FC92122A3480019E36B /* Build configuration list for PBXNativeTarget "Tap TimerTests" */;
			buildPhases = (
				E1715AB20B4ED88DDC75BBE3 /* [CP] Check Pods Manifest.lock */,
				7A501FAE2122A3480019E36B /* Sources */,
				7A501FAF2122A3480019E36B /* Frameworks */,
				7A501FB02122A3480019E36B /* Resources */,
			);
			buildRules = (
			);
			dependencies = (
				7A501FB42122A3480019E36B /* PBXTargetDependency */,
			);
			name = "Tap TimerTests";
			productName = "Tap TimerTests";
			productReference = 7A501FB22122A3480019E36B /* Tap TimerTests.xctest */;
			productType = "com.apple.product-type.bundle.unit-test";
		};
		7A501FBC2122A3480019E36B /* Tap TimerUITests */ = {
			isa = PBXNativeTarget;
			buildConfigurationList = 7A501FCC2122A3480019E36B /* Build configuration list for PBXNativeTarget "Tap TimerUITests" */;
			buildPhases = (
				6AA05E2DBECC805E5473981D /* [CP] Check Pods Manifest.lock */,
				7A501FB92122A3480019E36B /* Sources */,
				7A501FBA2122A3480019E36B /* Frameworks */,
				7A501FBB2122A3480019E36B /* Resources */,
			);
			buildRules = (
			);
			dependencies = (
				7A501FBF2122A3480019E36B /* PBXTargetDependency */,
			);
			name = "Tap TimerUITests";
			productName = "Tap TimerUITests";
			productReference = 7A501FBD2122A3480019E36B /* Tap TimerUITests.xctest */;
			productType = "com.apple.product-type.bundle.ui-testing";
		};
/* End PBXNativeTarget section */

/* Begin PBXProject section */
		7A501F962122A3460019E36B /* Project object */ = {
			isa = PBXProject;
			attributes = {
				LastSwiftUpdateCheck = 0940;
				LastUpgradeCheck = 0940;
				ORGANIZATIONNAME = "Jackson Weidmann";
				TargetAttributes = {
					7A501F9D2122A3460019E36B = {
						CreatedOnToolsVersion = 9.4.1;
					};
					7A501FB12122A3480019E36B = {
						CreatedOnToolsVersion = 9.4.1;
						TestTargetID = 7A501F9D2122A3460019E36B;
					};
					7A501FBC2122A3480019E36B = {
						CreatedOnToolsVersion = 9.4.1;
						TestTargetID = 7A501F9D2122A3460019E36B;
					};
				};
			};
			buildConfigurationList = 7A501F992122A3460019E36B /* Build configuration list for PBXProject "Tap Timer" */;
			compatibilityVersion = "Xcode 9.3";
			developmentRegion = en;
			hasScannedForEncodings = 0;
			knownRegions = (
				en,
				Base,
			);
			mainGroup = 7A501F952122A3460019E36B;
			productRefGroup = 7A501F9F2122A3460019E36B /* Products */;
			projectDirPath = "";
			projectRoot = "";
			targets = (
				7A501F9D2122A3460019E36B /* Tap Timer */,
				7A501FB12122A3480019E36B /* Tap TimerTests */,
				7A501FBC2122A3480019E36B /* Tap TimerUITests */,
			);
		};
/* End PBXProject section */

/* Begin PBXResourcesBuildPhase section */
		7A501F9C2122A3460019E36B /* Resources */ = {
			isa = PBXResourcesBuildPhase;
			buildActionMask = 2147483647;
			files = (
				7A501FAC2122A3480019E36B /* LaunchScreen.storyboard in Resources */,
				7A8228C52126A30F0021E8D7 /* GoogleService-Info.plist in Resources */,
				7A501FA92122A3480019E36B /* Assets.xcassets in Resources */,
				7A501FA72122A3460019E36B /* Main.storyboard in Resources */,
			);
			runOnlyForDeploymentPostprocessing = 0;
		};
		7A501FB02122A3480019E36B /* Resources */ = {
			isa = PBXResourcesBuildPhase;
			buildActionMask = 2147483647;
			files = (
			);
			runOnlyForDeploymentPostprocessing = 0;
		};
		7A501FBB2122A3480019E36B /* Resources */ = {
			isa = PBXResourcesBuildPhase;
			buildActionMask = 2147483647;
			files = (
			);
			runOnlyForDeploymentPostprocessing = 0;
		};
/* End PBXResourcesBuildPhase section */

/* Begin PBXShellScriptBuildPhase section */
		6AA05E2DBECC805E5473981D /* [CP] Check Pods Manifest.lock */ = {
			isa = PBXShellScriptBuildPhase;
			buildActionMask = 2147483647;
			files = (
			);
			inputPaths = (
				"${PODS_PODFILE_DIR_PATH}/Podfile.lock",
				"${PODS_ROOT}/Manifest.lock",
			);
			name = "[CP] Check Pods Manifest.lock";
			outputPaths = (
				"$(DERIVED_FILE_DIR)/Pods-Tap TimerUITests-checkManifestLockResult.txt",
			);
			runOnlyForDeploymentPostprocessing = 0;
			shellPath = /bin/sh;
			shellScript = "diff \"${PODS_PODFILE_DIR_PATH}/Podfile.lock\" \"${PODS_ROOT}/Manifest.lock\" > /dev/null\nif [ $? != 0 ] ; then\n    # print error to STDERR\n    echo \"error: The sandbox is not in sync with the Podfile.lock. Run 'pod install' or update your CocoaPods installation.\" >&2\n    exit 1\nfi\n# This output is used by Xcode 'outputs' to avoid re-running this script phase.\necho \"SUCCESS\" > \"${SCRIPT_OUTPUT_FILE_0}\"\n";
			showEnvVarsInLog = 0;
		};
		A74BB5BFC41786288CE7AD3B /* [CP] Check Pods Manifest.lock */ = {
			isa = PBXShellScriptBuildPhase;
			buildActionMask = 2147483647;
			files = (
			);
			inputPaths = (
				"${PODS_PODFILE_DIR_PATH}/Podfile.lock",
				"${PODS_ROOT}/Manifest.lock",
			);
			name = "[CP] Check Pods Manifest.lock";
			outputPaths = (
				"$(DERIVED_FILE_DIR)/Pods-Tap Timer-checkManifestLockResult.txt",
			);
			runOnlyForDeploymentPostprocessing = 0;
			shellPath = /bin/sh;
			shellScript = "diff \"${PODS_PODFILE_DIR_PATH}/Podfile.lock\" \"${PODS_ROOT}/Manifest.lock\" > /dev/null\nif [ $? != 0 ] ; then\n    # print error to STDERR\n    echo \"error: The sandbox is not in sync with the Podfile.lock. Run 'pod install' or update your CocoaPods installation.\" >&2\n    exit 1\nfi\n# This output is used by Xcode 'outputs' to avoid re-running this script phase.\necho \"SUCCESS\" > \"${SCRIPT_OUTPUT_FILE_0}\"\n";
			showEnvVarsInLog = 0;
		};
		E1715AB20B4ED88DDC75BBE3 /* [CP] Check Pods Manifest.lock */ = {
			isa = PBXShellScriptBuildPhase;
			buildActionMask = 2147483647;
			files = (
			);
			inputPaths = (
				"${PODS_PODFILE_DIR_PATH}/Podfile.lock",
				"${PODS_ROOT}/Manifest.lock",
			);
			name = "[CP] Check Pods Manifest.lock";
			outputPaths = (
				"$(DERIVED_FILE_DIR)/Pods-Tap TimerTests-checkManifestLockResult.txt",
			);
			runOnlyForDeploymentPostprocessing = 0;
			shellPath = /bin/sh;
			shellScript = "diff \"${PODS_PODFILE_DIR_PATH}/Podfile.lock\" \"${PODS_ROOT}/Manifest.lock\" > /dev/null\nif [ $? != 0 ] ; then\n    # print error to STDERR\n    echo \"error: The sandbox is not in sync with the Podfile.lock. Run 'pod install' or update your CocoaPods installation.\" >&2\n    exit 1\nfi\n# This output is used by Xcode 'outputs' to avoid re-running this script phase.\necho \"SUCCESS\" > \"${SCRIPT_OUTPUT_FILE_0}\"\n";
			showEnvVarsInLog = 0;
		};
		EB5A05B42404DCBBE011A397 /* [CP] Embed Pods Frameworks */ = {
			isa = PBXShellScriptBuildPhase;
			buildActionMask = 2147483647;
			files = (
			);
			inputPaths = (
				"${SRCROOT}/Pods/Target Support Files/Pods-Tap Timer/Pods-Tap Timer-frameworks.sh",
				"${BUILT_PRODUCTS_DIR}/GoogleUtilities/GoogleUtilities.framework",
				"${BUILT_PRODUCTS_DIR}/leveldb-library/leveldb.framework",
				"${BUILT_PRODUCTS_DIR}/nanopb/nanopb.framework",
			);
			name = "[CP] Embed Pods Frameworks";
			outputPaths = (
				"${TARGET_BUILD_DIR}/${FRAMEWORKS_FOLDER_PATH}/GoogleUtilities.framework",
				"${TARGET_BUILD_DIR}/${FRAMEWORKS_FOLDER_PATH}/leveldb.framework",
				"${TARGET_BUILD_DIR}/${FRAMEWORKS_FOLDER_PATH}/nanopb.framework",
			);
			runOnlyForDeploymentPostprocessing = 0;
			shellPath = /bin/sh;
			shellScript = "\"${SRCROOT}/Pods/Target Support Files/Pods-Tap Timer/Pods-Tap Timer-frameworks.sh\"\n";
			showEnvVarsInLog = 0;
		};
/* End PBXShellScriptBuildPhase section */

/* Begin PBXSourcesBuildPhase section */
		7A501F9A2122A3460019E36B /* Sources */ = {
			isa = PBXSourcesBuildPhase;
			buildActionMask = 2147483647;
			files = (
				7A115EB22123A1570005D2E5 /* Session.swift in Sources */,
				7A501FA42122A3460019E36B /* TimerViewController.swift in Sources */,
				7A822897212684C50021E8D7 /* AboutViewController.swift in Sources */,
				7A115EBC212404F10005D2E5 /* SolveCell.swift in Sources */,
				7A115EBA2123EE5C0005D2E5 /* SolveViewController.swift in Sources */,
				7A82289B212685590021E8D7 /* ThanksViewController.swift in Sources */,
				7A8228952126849D0021E8D7 /* SessionsTableViewController.swift in Sources */,
				7A8228932126848D0021E8D7 /* StatisticsTableViewController.swift in Sources */,
				7A82289D212691980021E8D7 /* SolveTableViewController.swift in Sources */,
				7A430E9B2123791100A87A12 /* Solve.swift in Sources */,
				7A501FA22122A3460019E36B /* AppDelegate.swift in Sources */,
				7A430E9D2123816600A87A12 /* MenuViewController.swift in Sources */,
			);
			runOnlyForDeploymentPostprocessing = 0;
		};
		7A501FAE2122A3480019E36B /* Sources */ = {
			isa = PBXSourcesBuildPhase;
			buildActionMask = 2147483647;
			files = (
				7A501FB72122A3480019E36B /* Tap_TimerTests.swift in Sources */,
			);
			runOnlyForDeploymentPostprocessing = 0;
		};
		7A501FB92122A3480019E36B /* Sources */ = {
			isa = PBXSourcesBuildPhase;
			buildActionMask = 2147483647;
			files = (
				7A501FC22122A3480019E36B /* Tap_TimerUITests.swift in Sources */,
			);
			runOnlyForDeploymentPostprocessing = 0;
		};
/* End PBXSourcesBuildPhase section */

/* Begin PBXTargetDependency section */
		7A501FB42122A3480019E36B /* PBXTargetDependency */ = {
			isa = PBXTargetDependency;
			target = 7A501F9D2122A3460019E36B /* Tap Timer */;
			targetProxy = 7A501FB32122A3480019E36B /* PBXContainerItemProxy */;
		};
		7A501FBF2122A3480019E36B /* PBXTargetDependency */ = {
			isa = PBXTargetDependency;
			target = 7A501F9D2122A3460019E36B /* Tap Timer */;
			targetProxy = 7A501FBE2122A3480019E36B /* PBXContainerItemProxy */;
		};
/* End PBXTargetDependency section */

/* Begin PBXVariantGroup section */
		7A501FA52122A3460019E36B /* Main.storyboard */ = {
			isa = PBXVariantGroup;
			children = (
				7A501FA62122A3460019E36B /* Base */,
			);
			name = Main.storyboard;
			sourceTree = "<group>";
		};
		7A501FAA2122A3480019E36B /* LaunchScreen.storyboard */ = {
			isa = PBXVariantGroup;
			children = (
				7A501FAB2122A3480019E36B /* Base */,
			);
			name = LaunchScreen.storyboard;
			sourceTree = "<group>";
		};
/* End PBXVariantGroup section */

/* Begin XCBuildConfiguration section */
		7A501FC42122A3480019E36B /* Debug */ = {
			isa = XCBuildConfiguration;
			buildSettings = {
				ALWAYS_SEARCH_USER_PATHS = NO;
				CLANG_ANALYZER_NONNULL = YES;
				CLANG_ANALYZER_NUMBER_OBJECT_CONVERSION = YES_AGGRESSIVE;
				CLANG_CXX_LANGUAGE_STANDARD = "gnu++14";
				CLANG_CXX_LIBRARY = "libc++";
				CLANG_ENABLE_MODULES = YES;
				CLANG_ENABLE_OBJC_ARC = YES;
				CLANG_ENABLE_OBJC_WEAK = YES;
				CLANG_WARN_BLOCK_CAPTURE_AUTORELEASING = YES;
				CLANG_WARN_BOOL_CONVERSION = YES;
				CLANG_WARN_COMMA = YES;
				CLANG_WARN_CONSTANT_CONVERSION = YES;
				CLANG_WARN_DEPRECATED_OBJC_IMPLEMENTATIONS = YES;
				CLANG_WARN_DIRECT_OBJC_ISA_USAGE = YES_ERROR;
				CLANG_WARN_DOCUMENTATION_COMMENTS = YES;
				CLANG_WARN_EMPTY_BODY = YES;
				CLANG_WARN_ENUM_CONVERSION = YES;
				CLANG_WARN_INFINITE_RECURSION = YES;
				CLANG_WARN_INT_CONVERSION = YES;
				CLANG_WARN_NON_LITERAL_NULL_CONVERSION = YES;
				CLANG_WARN_OBJC_IMPLICIT_RETAIN_SELF = YES;
				CLANG_WARN_OBJC_LITERAL_CONVERSION = YES;
				CLANG_WARN_OBJC_ROOT_CLASS = YES_ERROR;
				CLANG_WARN_RANGE_LOOP_ANALYSIS = YES;
				CLANG_WARN_STRICT_PROTOTYPES = YES;
				CLANG_WARN_SUSPICIOUS_MOVE = YES;
				CLANG_WARN_UNGUARDED_AVAILABILITY = YES_AGGRESSIVE;
				CLANG_WARN_UNREACHABLE_CODE = YES;
				CLANG_WARN__DUPLICATE_METHOD_MATCH = YES;
				CODE_SIGN_IDENTITY = "iPhone Developer";
				COPY_PHASE_STRIP = NO;
				DEBUG_INFORMATION_FORMAT = dwarf;
				ENABLE_STRICT_OBJC_MSGSEND = YES;
				ENABLE_TESTABILITY = YES;
				GCC_C_LANGUAGE_STANDARD = gnu11;
				GCC_DYNAMIC_NO_PIC = NO;
				GCC_NO_COMMON_BLOCKS = YES;
				GCC_OPTIMIZATION_LEVEL = 0;
				GCC_PREPROCESSOR_DEFINITIONS = (
					"DEBUG=1",
					"$(inherited)",
				);
				GCC_WARN_64_TO_32_BIT_CONVERSION = YES;
				GCC_WARN_ABOUT_RETURN_TYPE = YES_ERROR;
				GCC_WARN_UNDECLARED_SELECTOR = YES;
				GCC_WARN_UNINITIALIZED_AUTOS = YES_AGGRESSIVE;
				GCC_WARN_UNUSED_FUNCTION = YES;
				GCC_WARN_UNUSED_VARIABLE = YES;
				IPHONEOS_DEPLOYMENT_TARGET = 11.4;
				MTL_ENABLE_DEBUG_INFO = YES;
				ONLY_ACTIVE_ARCH = YES;
				SDKROOT = iphoneos;
				SWIFT_ACTIVE_COMPILATION_CONDITIONS = DEBUG;
				SWIFT_OPTIMIZATION_LEVEL = "-Onone";
			};
			name = Debug;
		};
		7A501FC52122A3480019E36B /* Release */ = {
			isa = XCBuildConfiguration;
			buildSettings = {
				ALWAYS_SEARCH_USER_PATHS = NO;
				CLANG_ANALYZER_NONNULL = YES;
				CLANG_ANALYZER_NUMBER_OBJECT_CONVERSION = YES_AGGRESSIVE;
				CLANG_CXX_LANGUAGE_STANDARD = "gnu++14";
				CLANG_CXX_LIBRARY = "libc++";
				CLANG_ENABLE_MODULES = YES;
				CLANG_ENABLE_OBJC_ARC = YES;
				CLANG_ENABLE_OBJC_WEAK = YES;
				CLANG_WARN_BLOCK_CAPTURE_AUTORELEASING = YES;
				CLANG_WARN_BOOL_CONVERSION = YES;
				CLANG_WARN_COMMA = YES;
				CLANG_WARN_CONSTANT_CONVERSION = YES;
				CLANG_WARN_DEPRECATED_OBJC_IMPLEMENTATIONS = YES;
				CLANG_WARN_DIRECT_OBJC_ISA_USAGE = YES_ERROR;
				CLANG_WARN_DOCUMENTATION_COMMENTS = YES;
				CLANG_WARN_EMPTY_BODY = YES;
				CLANG_WARN_ENUM_CONVERSION = YES;
				CLANG_WARN_INFINITE_RECURSION = YES;
				CLANG_WARN_INT_CONVERSION = YES;
				CLANG_WARN_NON_LITERAL_NULL_CONVERSION = YES;
				CLANG_WARN_OBJC_IMPLICIT_RETAIN_SELF = YES;
				CLANG_WARN_OBJC_LITERAL_CONVERSION = YES;
				CLANG_WARN_OBJC_ROOT_CLASS = YES_ERROR;
				CLANG_WARN_RANGE_LOOP_ANALYSIS = YES;
				CLANG_WARN_STRICT_PROTOTYPES = YES;
				CLANG_WARN_SUSPICIOUS_MOVE = YES;
				CLANG_WARN_UNGUARDED_AVAILABILITY = YES_AGGRESSIVE;
				CLANG_WARN_UNREACHABLE_CODE = YES;
				CLANG_WARN__DUPLICATE_METHOD_MATCH = YES;
				CODE_SIGN_IDENTITY = "iPhone Developer";
				COPY_PHASE_STRIP = NO;
				DEBUG_INFORMATION_FORMAT = "dwarf-with-dsym";
				ENABLE_NS_ASSERTIONS = NO;
				ENABLE_STRICT_OBJC_MSGSEND = YES;
				GCC_C_LANGUAGE_STANDARD = gnu11;
				GCC_NO_COMMON_BLOCKS = YES;
				GCC_WARN_64_TO_32_BIT_CONVERSION = YES;
				GCC_WARN_ABOUT_RETURN_TYPE = YES_ERROR;
				GCC_WARN_UNDECLARED_SELECTOR = YES;
				GCC_WARN_UNINITIALIZED_AUTOS = YES_AGGRESSIVE;
				GCC_WARN_UNUSED_FUNCTION = YES;
				GCC_WARN_UNUSED_VARIABLE = YES;
				IPHONEOS_DEPLOYMENT_TARGET = 11.4;
				MTL_ENABLE_DEBUG_INFO = NO;
				SDKROOT = iphoneos;
				SWIFT_COMPILATION_MODE = wholemodule;
				SWIFT_OPTIMIZATION_LEVEL = "-O";
				VALIDATE_PRODUCT = YES;
			};
			name = Release;
		};
		7A501FC72122A3480019E36B /* Debug */ = {
			isa = XCBuildConfiguration;
			baseConfigurationReference = 5689347F6F0B49AACE25DDE7 /* Pods-Tap Timer.debug.xcconfig */;
			buildSettings = {
				ASSETCATALOG_COMPILER_APPICON_NAME = AppIcon;
				CODE_SIGN_IDENTITY = "iPhone Developer";
				CODE_SIGN_STYLE = Automatic;
				DEVELOPMENT_TEAM = YMFN925BMZ;
				INFOPLIST_FILE = "Tap Timer/Info.plist";
				LD_RUNPATH_SEARCH_PATHS = (
					"$(inherited)",
					"@executable_path/Frameworks",
				);
				PRODUCT_BUNDLE_IDENTIFIER = "com.compileforawhile.Tap-Timer";
				PRODUCT_NAME = "$(TARGET_NAME)";
				PROVISIONING_PROFILE_SPECIFIER = "";
				SWIFT_VERSION = 4.0;
				TARGETED_DEVICE_FAMILY = 1;
			};
			name = Debug;
		};
		7A501FC82122A3480019E36B /* Release */ = {
			isa = XCBuildConfiguration;
			baseConfigurationReference = B46C89CEB48BC66908EB861C /* Pods-Tap Timer.release.xcconfig */;
			buildSettings = {
				ASSETCATALOG_COMPILER_APPICON_NAME = AppIcon;
				CODE_SIGN_IDENTITY = "iPhone Developer";
				CODE_SIGN_STYLE = Automatic;
				DEVELOPMENT_TEAM = YMFN925BMZ;
				INFOPLIST_FILE = "Tap Timer/Info.plist";
				LD_RUNPATH_SEARCH_PATHS = (
					"$(inherited)",
					"@executable_path/Frameworks",
				);
				PRODUCT_BUNDLE_IDENTIFIER = "com.compileforawhile.Tap-Timer";
				PRODUCT_NAME = "$(TARGET_NAME)";
				PROVISIONING_PROFILE_SPECIFIER = "";
				SWIFT_VERSION = 4.0;
				TARGETED_DEVICE_FAMILY = 1;
			};
			name = Release;
		};
		7A501FCA2122A3480019E36B /* Debug */ = {
			isa = XCBuildConfiguration;
			baseConfigurationReference = A64CF68FD53F4AD054892566 /* Pods-Tap TimerTests.debug.xcconfig */;
			buildSettings = {
				ALWAYS_EMBED_SWIFT_STANDARD_LIBRARIES = YES;
				BUNDLE_LOADER = "$(TEST_HOST)";
				CODE_SIGN_STYLE = Automatic;
				DEVELOPMENT_TEAM = YMFN925BMZ;
				INFOPLIST_FILE = "Tap TimerTests/Info.plist";
				LD_RUNPATH_SEARCH_PATHS = (
					"$(inherited)",
					"@executable_path/Frameworks",
					"@loader_path/Frameworks",
				);
				PRODUCT_BUNDLE_IDENTIFIER = "com.compileforawhile.Tap-TimerTests";
				PRODUCT_NAME = "$(TARGET_NAME)";
				SWIFT_VERSION = 4.0;
				TARGETED_DEVICE_FAMILY = "1,2";
				TEST_HOST = "$(BUILT_PRODUCTS_DIR)/Tap Timer.app/Tap Timer";
			};
			name = Debug;
		};
		7A501FCB2122A3480019E36B /* Release */ = {
			isa = XCBuildConfiguration;
			baseConfigurationReference = 94C1438D675185B58EC94C2B /* Pods-Tap TimerTests.release.xcconfig */;
			buildSettings = {
				ALWAYS_EMBED_SWIFT_STANDARD_LIBRARIES = YES;
				BUNDLE_LOADER = "$(TEST_HOST)";
				CODE_SIGN_STYLE = Automatic;
				DEVELOPMENT_TEAM = YMFN925BMZ;
				INFOPLIST_FILE = "Tap TimerTests/Info.plist";
				LD_RUNPATH_SEARCH_PATHS = (
					"$(inherited)",
					"@executable_path/Frameworks",
					"@loader_path/Frameworks",
				);
				PRODUCT_BUNDLE_IDENTIFIER = "com.compileforawhile.Tap-TimerTests";
				PRODUCT_NAME = "$(TARGET_NAME)";
				SWIFT_VERSION = 4.0;
				TARGETED_DEVICE_FAMILY = "1,2";
				TEST_HOST = "$(BUILT_PRODUCTS_DIR)/Tap Timer.app/Tap Timer";
			};
			name = Release;
		};
		7A501FCD2122A3480019E36B /* Debug */ = {
			isa = XCBuildConfiguration;
			baseConfigurationReference = 48840795D4D8348E8A96C173 /* Pods-Tap TimerUITests.debug.xcconfig */;
			buildSettings = {
				ALWAYS_EMBED_SWIFT_STANDARD_LIBRARIES = YES;
				CODE_SIGN_STYLE = Automatic;
				DEVELOPMENT_TEAM = YMFN925BMZ;
				INFOPLIST_FILE = "Tap TimerUITests/Info.plist";
				LD_RUNPATH_SEARCH_PATHS = (
					"$(inherited)",
					"@executable_path/Frameworks",
					"@loader_path/Frameworks",
				);
				PRODUCT_BUNDLE_IDENTIFIER = "com.compileforawhile.Tap-TimerUITests";
				PRODUCT_NAME = "$(TARGET_NAME)";
				SWIFT_VERSION = 4.0;
				TARGETED_DEVICE_FAMILY = "1,2";
				TEST_TARGET_NAME = "Tap Timer";
			};
			name = Debug;
		};
		7A501FCE2122A3480019E36B /* Release */ = {
			isa = XCBuildConfiguration;
			baseConfigurationReference = E6744277E6F82FD7AC7F91A5 /* Pods-Tap TimerUITests.release.xcconfig */;
			buildSettings = {
				ALWAYS_EMBED_SWIFT_STANDARD_LIBRARIES = YES;
				CODE_SIGN_STYLE = Automatic;
				DEVELOPMENT_TEAM = YMFN925BMZ;
				INFOPLIST_FILE = "Tap TimerUITests/Info.plist";
				LD_RUNPATH_SEARCH_PATHS = (
					"$(inherited)",
					"@executable_path/Frameworks",
					"@loader_path/Frameworks",
				);
				PRODUCT_BUNDLE_IDENTIFIER = "com.compileforawhile.Tap-TimerUITests";
				PRODUCT_NAME = "$(TARGET_NAME)";
				SWIFT_VERSION = 4.0;
				TARGETED_DEVICE_FAMILY = "1,2";
				TEST_TARGET_NAME = "Tap Timer";
			};
			name = Release;
		};
/* End XCBuildConfiguration section */

/* Begin XCConfigurationList section */
		7A501F992122A3460019E36B /* Build configuration list for PBXProject "Tap Timer" */ = {
			isa = XCConfigurationList;
			buildConfigurations = (
				7A501FC42122A3480019E36B /* Debug */,
				7A501FC52122A3480019E36B /* Release */,
			);
			defaultConfigurationIsVisible = 0;
			defaultConfigurationName = Release;
		};
		7A501FC62122A3480019E36B /* Build configuration list for PBXNativeTarget "Tap Timer" */ = {
			isa = XCConfigurationList;
			buildConfigurations = (
				7A501FC72122A3480019E36B /* Debug */,
				7A501FC82122A3480019E36B /* Release */,
			);
			defaultConfigurationIsVisible = 0;
			defaultConfigurationName = Release;
		};
		7A501FC92122A3480019E36B /* Build configuration list for PBXNativeTarget "Tap TimerTests" */ = {
			isa = XCConfigurationList;
			buildConfigurations = (
				7A501FCA2122A3480019E36B /* Debug */,
				7A501FCB2122A3480019E36B /* Release */,
			);
			defaultConfigurationIsVisible = 0;
			defaultConfigurationName = Release;
		};
		7A501FCC2122A3480019E36B /* Build configuration list for PBXNativeTarget "Tap TimerUITests" */ = {
			isa = XCConfigurationList;
			buildConfigurations = (
				7A501FCD2122A3480019E36B /* Debug */,
				7A501FCE2122A3480019E36B /* Release */,
			);
			defaultConfigurationIsVisible = 0;
			defaultConfigurationName = Release;
		};
/* End XCConfigurationList section */
	};
	rootObject = 7A501F962122A3460019E36B /* Project object */;
}
